{
  "lockfileVersion": 1,
  "configVersion": 0,
  "workspaces": {
    "": {
      "name": "cosmith-website",
      "dependencies": {
        "@instantdb/admin": "^0.20.16",
        "@instantdb/core": "^0.20.16",
        "@types/node": "^24.2.0",
        "chokidar": "^4.0.3",
        "commander": "^14.0.0",
        "dotenv": "^17.2.1",
      },
      "devDependencies": {
        "typescript": "^5.3.3",
      },
    },
  },
  "packages": {
    "@instantdb/admin": ["@instantdb/admin@0.20.16", "", { "dependencies": { "@instantdb/core": "v0.20.16" } }, "sha512-/0psyIjV9L1UD2ccDjeM1SL/lAOXUU0Oa3gLtgndaFM9fv48LB33nkM0m8lX64n89w1Ond07m/JNGnh4FaqX0A=="],

    "@instantdb/core": ["@instantdb/core@0.20.16", "", { "dependencies": { "mutative": "^1.0.10", "uuid": "^11.1.0" } }, "sha512-BtESCdH+UhGahi/wHGz4jV+LchiXusjsyu9jHjDQCPnMB4lc6IyUBv+dcouxKcQTMiL73RvdoTU9sglULs5HTw=="],

    "@types/node": ["@types/node@24.2.0", "", { "dependencies": { "undici-types": "~7.10.0" } }, "sha512-3xyG3pMCq3oYCNg7/ZP+E1ooTaGB4cG8JWRsqqOYQdbWNY4zbaV0Ennrd7stjiJEFZCaybcIgpTjJWHRfBSIDw=="],

    "chokidar": ["chokidar@4.0.3", "", { "dependencies": { "readdirp": "^4.0.1" } }, "sha512-Qgzu8kfBvo+cA4962jnP1KkS6Dop5NS6g7R5LFYJr4b8Ub94PPQXUksCw9PvXoeXPRRddRNC5C1JQUR2SMGtnA=="],

    "commander": ["commander@14.0.0", "", {}, "sha512-2uM9rYjPvyq39NwLRqaiLtWHyDC1FvryJDa2ATTVims5YAS4PupsEQsDvP14FqhFr0P49CYDugi59xaxJlTXRA=="],

    "dotenv": ["dotenv@17.2.1", "", {}, "sha512-kQhDYKZecqnM0fCnzI5eIv5L4cAe/iRI+HqMbO/hbRdTAeXDG+M9FjipUxNfbARuEg4iHIbhnhs78BCHNbSxEQ=="],

    "mutative": ["mutative@1.2.0", "", {}, "sha512-1muFw45Lwjso6TSBGiXfbjKS01fVSD/qaqBfTo/gXgp79e8KM4Sa1XP/S4iN2/DvSdIZgjFJI+JIhC7eKf3GTg=="],

    "readdirp": ["readdirp@4.1.2", "", {}, "sha512-GDhwkLfywWL2s6vEjyhri+eXmfH6j1L7JE27WhqLeYzoh/A3DBaYGEj2H/HFZCn/kMfim73FXxEJTw06WtxQwg=="],

    "typescript": ["typescript@5.9.2", "", { "bin": { "tsc": "bin/tsc", "tsserver": "bin/tsserver" } }, "sha512-CWBzXQrc/qOkhidw1OzBTQuYRbfyxDXJMVJ1XNwUHGROVmuaeiEm3OslpZ1RV96d7SKKjZKrSJu3+t/xlw3R9A=="],

    "undici-types": ["undici-types@7.10.0", "", {}, "sha512-t5Fy/nfn+14LuOc2KNYg75vZqClpAiqscVvMygNnlsHBFpSXdJaYtXMcdNLpl/Qvc3P2cB3s6lOV51nqsFq4ag=="],

    "uuid": ["uuid@11.1.0", "", { "bin": { "uuid": "dist/esm/bin/uuid" } }, "sha512-0/A9rDy9P7cJ+8w1c9WD9V//9Wj15Ce2MPz8Ri6032usz+NfePxx5AcN3bN+r6ZL6jEo066/yNYB3tn4pQEx+A=="],
  }
}
